
Microsoft Visual Studio Solution File, Format Version 12.00
# Visual Studio Version 17
VisualStudioVersion = 17.13.35828.75
MinimumVisualStudioVersion = 10.0.40219.1
Project("{FAE04EC0-301F-11D3-BF4B-00C04F79EFBC}") = "EBookApi.Entities", "EBookApi.Entities\EBookApi.Entities.csproj", "{C3D27A1C-7AE3-4067-BADE-E3571EC7C65F}"
EndProject
Project("{FAE04EC0-301F-11D3-BF4B-00C04F79EFBC}") = "EBookApi.Repositories", "EBookApi.Repositories\EBookApi.Repositories.csproj", "{1616DBEF-8C64-444B-BD80-5BAAF5E4D619}"
EndProject
Project("{FAE04EC0-301F-11D3-BF4B-00C04F79EFBC}") = "EBookApi.API", "EBookApi.API\EBookApi.API.csproj", "{06F145B7-47D1-453A-B0E2-B7532415AC9F}"
EndProject
Project("{FAE04EC0-301F-11D3-BF4B-00C04F79EFBC}") = "EBookApi.Services", "EBookApi.Services\EBookApi.Services.csproj", "{E0FB78A1-BFA7-48F4-B39B-FA07C867378D}"
EndProject
Project("{2150E333-8FDC-42A3-9474-1A3956D46DE8}") = "NLayer", "NLayer", "{02EA681E-C7D8-13C7-8484-4AC65E1B71E8}"
EndProject
Project("{2150E333-8FDC-42A3-9474-1A3956D46DE8}") = "CLeanArchitecture", "CLeanArchitecture", "{618126F3-6211-41F7-A542-04BA315C6531}"
EndProject
Project("{2150E333-8FDC-42A3-9474-1A3956D46DE8}") = "test", "test", "{F43C209C-1A55-4B44-B0C0-370AAC1949D1}"
EndProject
Project("{2150E333-8FDC-42A3-9474-1A3956D46DE8}") = "src", "src", "{7C4C3896-8239-4787-A12E-16E5C04D535B}"
EndProject
Project("{2150E333-8FDC-42A3-9474-1A3956D46DE8}") = "core", "core", "{DED9615D-C54A-4797-9A59-821C5475ABD9}"
EndProject
Project("{FAE04EC0-301F-11D3-BF4B-00C04F79EFBC}") = "EBookApi.Domain", "EBookApi.Domain\EBookApi.Domain.csproj", "{6D52F2EE-31B5-469B-8140-6FE146345529}"
EndProject
Project("{FAE04EC0-301F-11D3-BF4B-00C04F79EFBC}") = "EBookApi.Application", "EBookApi.Application\EBookApi.Application.csproj", "{DC7BF036-9747-499F-959C-580A061391E1}"
EndProject
Project("{2150E333-8FDC-42A3-9474-1A3956D46DE8}") = "infrastructure", "infrastructure", "{CB713FD3-CD22-4E20-A121-949F301784E7}"
EndProject
Project("{FAE04EC0-301F-11D3-BF4B-00C04F79EFBC}") = "EBookApi.Persistance", "EBookApi.Persistance\EBookApi.Persistance.csproj", "{112ACE86-7086-4569-9912-F86B2751BF43}"
EndProject
Project("{2150E333-8FDC-42A3-9474-1A3956D46DE8}") = "Api", "Api", "{B140416C-B26C-4BD8-B5F6-1E208DE6BF5C}"
EndProject
Project("{FAE04EC0-301F-11D3-BF4B-00C04F79EFBC}") = "EBookApi.CleanAPI", "EBookApi.CleanAPI\EBookApi.CleanAPI.csproj", "{BBBA2D72-9E49-4030-9EF9-01C74E375396}"
EndProject
Global
	GlobalSection(SolutionConfigurationPlatforms) = preSolution
		Debug|Any CPU = Debug|Any CPU
		Release|Any CPU = Release|Any CPU
	EndGlobalSection
	GlobalSection(ProjectConfigurationPlatforms) = postSolution
		{C3D27A1C-7AE3-4067-BADE-E3571EC7C65F}.Debug|Any CPU.ActiveCfg = Debug|Any CPU
		{C3D27A1C-7AE3-4067-BADE-E3571EC7C65F}.Debug|Any CPU.Build.0 = Debug|Any CPU
		{C3D27A1C-7AE3-4067-BADE-E3571EC7C65F}.Release|Any CPU.ActiveCfg = Release|Any CPU
		{C3D27A1C-7AE3-4067-BADE-E3571EC7C65F}.Release|Any CPU.Build.0 = Release|Any CPU
		{1616DBEF-8C64-444B-BD80-5BAAF5E4D619}.Debug|Any CPU.ActiveCfg = Debug|Any CPU
		{1616DBEF-8C64-444B-BD80-5BAAF5E4D619}.Debug|Any CPU.Build.0 = Debug|Any CPU
		{1616DBEF-8C64-444B-BD80-5BAAF5E4D619}.Release|Any CPU.ActiveCfg = Release|Any CPU
		{1616DBEF-8C64-444B-BD80-5BAAF5E4D619}.Release|Any CPU.Build.0 = Release|Any CPU
		{06F145B7-47D1-453A-B0E2-B7532415AC9F}.Debug|Any CPU.ActiveCfg = Debug|Any CPU
		{06F145B7-47D1-453A-B0E2-B7532415AC9F}.Debug|Any CPU.Build.0 = Debug|Any CPU
		{06F145B7-47D1-453A-B0E2-B7532415AC9F}.Release|Any CPU.ActiveCfg = Release|Any CPU
		{06F145B7-47D1-453A-B0E2-B7532415AC9F}.Release|Any CPU.Build.0 = Release|Any CPU
		{E0FB78A1-BFA7-48F4-B39B-FA07C867378D}.Debug|Any CPU.ActiveCfg = Debug|Any CPU
		{E0FB78A1-BFA7-48F4-B39B-FA07C867378D}.Debug|Any CPU.Build.0 = Debug|Any CPU
		{E0FB78A1-BFA7-48F4-B39B-FA07C867378D}.Release|Any CPU.ActiveCfg = Release|Any CPU
		{E0FB78A1-BFA7-48F4-B39B-FA07C867378D}.Release|Any CPU.Build.0 = Release|Any CPU
		{6D52F2EE-31B5-469B-8140-6FE146345529}.Debug|Any CPU.ActiveCfg = Debug|Any CPU
		{6D52F2EE-31B5-469B-8140-6FE146345529}.Debug|Any CPU.Build.0 = Debug|Any CPU
		{6D52F2EE-31B5-469B-8140-6FE146345529}.Release|Any CPU.ActiveCfg = Release|Any CPU
		{6D52F2EE-31B5-469B-8140-6FE146345529}.Release|Any CPU.Build.0 = Release|Any CPU
		{DC7BF036-9747-499F-959C-580A061391E1}.Debug|Any CPU.ActiveCfg = Debug|Any CPU
		{DC7BF036-9747-499F-959C-580A061391E1}.Debug|Any CPU.Build.0 = Debug|Any CPU
		{DC7BF036-9747-499F-959C-580A061391E1}.Release|Any CPU.ActiveCfg = Release|Any CPU
		{DC7BF036-9747-499F-959C-580A061391E1}.Release|Any CPU.Build.0 = Release|Any CPU
		{112ACE86-7086-4569-9912-F86B2751BF43}.Debug|Any CPU.ActiveCfg = Debug|Any CPU
		{112ACE86-7086-4569-9912-F86B2751BF43}.Debug|Any CPU.Build.0 = Debug|Any CPU
		{112ACE86-7086-4569-9912-F86B2751BF43}.Release|Any CPU.ActiveCfg = Release|Any CPU
		{112ACE86-7086-4569-9912-F86B2751BF43}.Release|Any CPU.Build.0 = Release|Any CPU
		{BBBA2D72-9E49-4030-9EF9-01C74E375396}.Debug|Any CPU.ActiveCfg = Debug|Any CPU
		{BBBA2D72-9E49-4030-9EF9-01C74E375396}.Debug|Any CPU.Build.0 = Debug|Any CPU
		{BBBA2D72-9E49-4030-9EF9-01C74E375396}.Release|Any CPU.ActiveCfg = Release|Any CPU
		{BBBA2D72-9E49-4030-9EF9-01C74E375396}.Release|Any CPU.Build.0 = Release|Any CPU
	EndGlobalSection
	GlobalSection(SolutionProperties) = preSolution
		HideSolutionNode = FALSE
	EndGlobalSection
	GlobalSection(NestedProjects) = preSolution
		{C3D27A1C-7AE3-4067-BADE-E3571EC7C65F} = {02EA681E-C7D8-13C7-8484-4AC65E1B71E8}
		{1616DBEF-8C64-444B-BD80-5BAAF5E4D619} = {02EA681E-C7D8-13C7-8484-4AC65E1B71E8}
		{06F145B7-47D1-453A-B0E2-B7532415AC9F} = {02EA681E-C7D8-13C7-8484-4AC65E1B71E8}
		{E0FB78A1-BFA7-48F4-B39B-FA07C867378D} = {02EA681E-C7D8-13C7-8484-4AC65E1B71E8}
		{F43C209C-1A55-4B44-B0C0-370AAC1949D1} = {618126F3-6211-41F7-A542-04BA315C6531}
		{7C4C3896-8239-4787-A12E-16E5C04D535B} = {618126F3-6211-41F7-A542-04BA315C6531}
		{DED9615D-C54A-4797-9A59-821C5475ABD9} = {7C4C3896-8239-4787-A12E-16E5C04D535B}
		{6D52F2EE-31B5-469B-8140-6FE146345529} = {DED9615D-C54A-4797-9A59-821C5475ABD9}
		{DC7BF036-9747-499F-959C-580A061391E1} = {DED9615D-C54A-4797-9A59-821C5475ABD9}
		{CB713FD3-CD22-4E20-A121-949F301784E7} = {7C4C3896-8239-4787-A12E-16E5C04D535B}
		{112ACE86-7086-4569-9912-F86B2751BF43} = {CB713FD3-CD22-4E20-A121-949F301784E7}
		{B140416C-B26C-4BD8-B5F6-1E208DE6BF5C} = {618126F3-6211-41F7-A542-04BA315C6531}
		{BBBA2D72-9E49-4030-9EF9-01C74E375396} = {B140416C-B26C-4BD8-B5F6-1E208DE6BF5C}
	EndGlobalSection
	GlobalSection(ExtensibilityGlobals) = postSolution
		SolutionGuid = {7E67319A-021B-4BBC-AA19-06FD0BA0288D}
	EndGlobalSection
EndGlobal
